
Microsoft Visual Studio Solution File, Format Version 12.00
# Visual Studio 2013
VisualStudioVersion = 12.0.40629.0
MinimumVisualStudioVersion = 10.0.40219.1
Project("{FAE04EC0-301F-11D3-BF4B-00C04F79EFBC}") = "UnityWinForm", "UnityWinForm\UnityWinForm.csproj", "{9E5A4613-4247-43DC-A62A-CC154EB35C8C}"
EndProject
Global
	GlobalSection(SolutionConfigurationPlatforms) = preSolution
		Debug_List_Style|Any CPU = Debug_List_Style|Any CPU
		Debug|Any CPU = Debug|Any CPU
		Release_List_Style|Any CPU = Release_List_Style|Any CPU
		Release|Any CPU = Release|Any CPU
	EndGlobalSection
	GlobalSection(ProjectConfigurationPlatforms) = postSolution
		{9E5A4613-4247-43DC-A62A-CC154EB35C8C}.Debug_List_Style|Any CPU.ActiveCfg = Debug_List_Style|Any CPU
		{9E5A4613-4247-43DC-A62A-CC154EB35C8C}.Debug_List_Style|Any CPU.Build.0 = Debug_List_Style|Any CPU
		{9E5A4613-4247-43DC-A62A-CC154EB35C8C}.Debug|Any CPU.ActiveCfg = Debug|Any CPU
		{9E5A4613-4247-43DC-A62A-CC154EB35C8C}.Debug|Any CPU.Build.0 = Debug|Any CPU
		{9E5A4613-4247-43DC-A62A-CC154EB35C8C}.Release_List_Style|Any CPU.ActiveCfg = Release_List_Style|Any CPU
		{9E5A4613-4247-43DC-A62A-CC154EB35C8C}.Release_List_Style|Any CPU.Build.0 = Release_List_Style|Any CPU
		{9E5A4613-4247-43DC-A62A-CC154EB35C8C}.Release|Any CPU.ActiveCfg = Release|Any CPU
		{9E5A4613-4247-43DC-A62A-CC154EB35C8C}.Release|Any CPU.Build.0 = Release|Any CPU
	EndGlobalSection
	GlobalSection(SolutionProperties) = preSolution
		HideSolutionNode = FALSE
	EndGlobalSection
EndGlobal
