<?xml version="1.0" encoding="utf-8"?>
<Project ToolsVersion="4.0" xmlns="http://schemas.microsoft.com/developer/msbuild/2003">
  <ItemGroup>
    <Filter Include="源文件">
      <UniqueIdentifier>{4FC737F1-C7A5-4376-A066-2A32D752A2FF}</UniqueIdentifier>
      <Extensions>cpp;c;cxx;def;odl;idl;hpj;bat;asm;asmx</Extensions>
    </Filter>
    <Filter Include="头文件">
      <UniqueIdentifier>{93995380-89BD-4b04-88EB-625FBE52EBFB}</UniqueIdentifier>
      <Extensions>h;hpp;hxx;hm;inl;inc;xsd</Extensions>
    </Filter>
    <Filter Include="资源文件">
      <UniqueIdentifier>{67DA6AB6-F800-4c08-8B7A-83BB121AAD01}</UniqueIdentifier>
      <Extensions>rc;ico;cur;bmp;dlg;rc2;rct;bin;rgs;gif;jpg;jpeg;jpe;resx</Extensions>
    </Filter>
  </ItemGroup>
  <ItemGroup>
    <ClCompile Include="BaseUtility.cpp">
      <Filter>源文件</Filter>
    </ClCompile>
    <ClCompile Include="CmdLine.cpp">
      <Filter>源文件</Filter>
    </ClCompile>
    <ClCompile Include="CSLock.cpp">
      <Filter>源文件</Filter>
    </ClCompile>
    <ClCompile Include="DataQueue.cpp">
      <Filter>源文件</Filter>
    </ClCompile>
    <ClCompile Include="DllMain.cpp">
      <Filter>源文件</Filter>
    </ClCompile>
    <ClCompile Include="Encrypt.cpp">
      <Filter>源文件</Filter>
    </ClCompile>
    <ClCompile Include="FileSizeFormat.cpp">
      <Filter>源文件</Filter>
    </ClCompile>
    <ClCompile Include="IniFile.cpp">
      <Filter>源文件</Filter>
    </ClCompile>
    <ClCompile Include="IPAddress.cpp">
      <Filter>源文件</Filter>
    </ClCompile>
    <ClCompile Include="MiniDump.cpp">
      <Filter>源文件</Filter>
    </ClCompile>
    <ClCompile Include="ServiceThread.cpp">
      <Filter>源文件</Filter>
    </ClCompile>
    <ClCompile Include="ShareMem.cpp">
      <Filter>源文件</Filter>
    </ClCompile>
    <ClCompile Include="Stdafx.cpp">
      <Filter>源文件</Filter>
    </ClCompile>
    <ClCompile Include="WinFileInfo.cpp">
      <Filter>源文件</Filter>
    </ClCompile>
  </ItemGroup>
  <ItemGroup>
    <ClInclude Include="..\include\BaseModule.h">
      <Filter>头文件</Filter>
    </ClInclude>
    <ClInclude Include="..\include\BaseUtility.h">
      <Filter>头文件</Filter>
    </ClInclude>
    <ClInclude Include="..\include\CmdLine.h">
      <Filter>头文件</Filter>
    </ClInclude>
    <ClInclude Include="..\include\CSLock.h">
      <Filter>头文件</Filter>
    </ClInclude>
    <ClInclude Include="..\include\DataQueue.h">
      <Filter>头文件</Filter>
    </ClInclude>
    <ClInclude Include="..\include\Encrypt.h">
      <Filter>头文件</Filter>
    </ClInclude>
    <ClInclude Include="..\include\FileSizeFormat.h">
      <Filter>头文件</Filter>
    </ClInclude>
    <ClInclude Include="..\include\IniFile.h">
      <Filter>头文件</Filter>
    </ClInclude>
    <ClInclude Include="..\include\IPAddress.h">
      <Filter>头文件</Filter>
    </ClInclude>
    <ClInclude Include="..\include\MiniDump.h">
      <Filter>头文件</Filter>
    </ClInclude>
    <ClInclude Include="..\include\ServiceThread.h">
      <Filter>头文件</Filter>
    </ClInclude>
    <ClInclude Include="..\include\ShareMem.h">
      <Filter>头文件</Filter>
    </ClInclude>
    <ClInclude Include="Stdafx.h">
      <Filter>头文件</Filter>
    </ClInclude>
    <ClInclude Include="..\include\WinFileInfo.h">
      <Filter>头文件</Filter>
    </ClInclude>
    <ClInclude Include="Resource.h">
      <Filter>资源文件</Filter>
    </ClInclude>
  </ItemGroup>
  <ItemGroup>
    <None Include="BaseModule.def">
      <Filter>资源文件</Filter>
    </None>
    <None Include="res\BaseModule.rc2">
      <Filter>资源文件</Filter>
    </None>
    <None Include="BaseModuleD.def">
      <Filter>资源文件</Filter>
    </None>
    <None Include="..\..\NetModule\src\NetModule.vcxproj" />
  </ItemGroup>
  <ItemGroup>
    <ResourceCompile Include="BaseModule.rc">
      <Filter>资源文件</Filter>
    </ResourceCompile>
  </ItemGroup>
</Project>